PODS:
  - Google-AdMob-Ads-SDK (6.9.2)

DEPENDENCIES:
  - Google-AdMob-Ads-SDK (from `https://raw.githubusercontent.com/kazekim/Private-Cocoapods/master/podspec/GoogleAdmob.podspec`)

EXTERNAL SOURCES:
  Google-AdMob-Ads-SDK:
    :podspec: https://raw.githubusercontent.com/kazekim/Private-Cocoapods/master/podspec/GoogleAdmob.podspec

SPEC CHECKSUMS:
  Google-AdMob-Ads-SDK: d48617ccbf430c10bd36794e7a393c948abc0a3a

COCOAPODS: 0.33.1
